<?xml version="1.0" encoding="utf-8"?>
<Project ToolsVersion="4.0" xmlns="http://schemas.microsoft.com/developer/msbuild/2003">
  <ItemGroup>
    <Filter Include="Source Files">
      <UniqueIdentifier>{4FC737F1-C7A5-4376-A066-2A32D752A2FF}</UniqueIdentifier>
      <Extensions>cpp;c;cc;cxx;c++;cppm;ixx;def;odl;idl;hpj;bat;asm;asmx</Extensions>
    </Filter>
    <Filter Include="Header Files">
      <UniqueIdentifier>{93995380-89BD-4b04-88EB-625FBE52EBFB}</UniqueIdentifier>
      <Extensions>h;hh;hpp;hxx;h++;hm;inl;inc;ipp;xsd</Extensions>
    </Filter>
    <Filter Include="Resource Files">
      <UniqueIdentifier>{67DA6AB6-F800-4c08-8B7A-83BB121AAD01}</UniqueIdentifier>
      <Extensions>rc;ico;cur;bmp;dlg;rc2;rct;bin;rgs;gif;jpg;jpeg;jpe;resx;tiff;tif;png;wav;mfcribbon-ms</Extensions>
    </Filter>
  </ItemGroup>
  <ItemGroup>
    <ClCompile Include="src\main.cpp">
      <Filter>Source Files</Filter>
    </ClCompile>
    <ClCompile Include="src\Widget\MainApplication\fun_main_application.cpp">
      <Filter>Source Files</Filter>
    </ClCompile>
    <ClCompile Include="src\Widget\Manager\fun_board_manager.cpp">
      <Filter>Source Files</Filter>
    </ClCompile>
    <ClCompile Include="src\Widget\Manager\fun_player_manager.cpp">
      <Filter>Source Files</Filter>
    </ClCompile>
    <ClCompile Include="src\Widget\Menu\fun_main_menu.cpp">
      <Filter>Source Files</Filter>
    </ClCompile>
    <ClCompile Include="src\Widget\Widget\fun_board_renderer.cpp">
      <Filter>Source Files</Filter>
    </ClCompile>
    <ClCompile Include="src\Widget\Widget\fun_button.cpp">
      <Filter>Source Files</Filter>
    </ClCompile>
    <ClCompile Include="src\Widget\Widget\fun_card_renderer.cpp">
      <Filter>Source Files</Filter>
    </ClCompile>
    <ClCompile Include="src\Widget\Widget\fun_frame.cpp">
      <Filter>Source Files</Filter>
    </ClCompile>
    <ClCompile Include="src\Widget\Widget\fun_text_entry.cpp">
      <Filter>Source Files</Filter>
    </ClCompile>
    <ClCompile Include="src\Widget\Widget\fun_text_label.cpp">
      <Filter>Source Files</Filter>
    </ClCompile>
  </ItemGroup>
  <ItemGroup>
    <ClInclude Include="include\Structure\fun_card.h">
      <Filter>Header Files</Filter>
    </ClInclude>
    <ClInclude Include="include\Utils\fun_network.h">
      <Filter>Header Files</Filter>
    </ClInclude>
    <ClInclude Include="include\Widget\MainApplication\fun_main_application.h">
      <Filter>Header Files</Filter>
    </ClInclude>
    <ClInclude Include="include\Widget\Manager\fun_board_manager.h">
      <Filter>Header Files</Filter>
    </ClInclude>
    <ClInclude Include="include\Widget\Manager\fun_player_manager.h">
      <Filter>Header Files</Filter>
    </ClInclude>
    <ClInclude Include="include\Widget\Menu\fun_main_menu.h">
      <Filter>Header Files</Filter>
    </ClInclude>
    <ClInclude Include="include\Widget\Widget\fun_board_renderer.h">
      <Filter>Header Files</Filter>
    </ClInclude>
    <ClInclude Include="include\Widget\Widget\fun_button.h">
      <Filter>Header Files</Filter>
    </ClInclude>
    <ClInclude Include="include\Widget\Widget\fun_card_renderer.h">
      <Filter>Header Files</Filter>
    </ClInclude>
    <ClInclude Include="include\Widget\Widget\fun_frame.h">
      <Filter>Header Files</Filter>
    </ClInclude>
    <ClInclude Include="include\Widget\Widget\fun_text_entry.h">
      <Filter>Header Files</Filter>
    </ClInclude>
    <ClInclude Include="include\Widget\Widget\fun_text_label.h">
      <Filter>Header Files</Filter>
    </ClInclude>
  </ItemGroup>
</Project>